PODS:
  - AFNetworking (3.1.0):
    - AFNetworking/NSURLSession (= 3.1.0)
    - AFNetworking/Reachability (= 3.1.0)
    - AFNetworking/Security (= 3.1.0)
    - AFNetworking/Serialization (= 3.1.0)
    - AFNetworking/UIKit (= 3.1.0)
  - AFNetworking/NSURLSession (3.1.0):
    - AFNetworking/Reachability
    - AFNetworking/Security
    - AFNetworking/Serialization
  - AFNetworking/Reachability (3.1.0)
  - AFNetworking/Security (3.1.0)
  - AFNetworking/Serialization (3.1.0)
  - AFNetworking/UIKit (3.1.0):
    - AFNetworking/NSURLSession
  - FFAPIsKit (0.1.0):
    - AFNetworking (~> 3.1.0)

DEPENDENCIES:
  - FFAPIsKit (from `../`)

EXTERNAL SOURCES:
  FFAPIsKit:
    :path: ../

SPEC CHECKSUMS:
  AFNetworking: 5e0e199f73d8626b11e79750991f5d173d1f8b67
  FFAPIsKit: dc2f3ddc55f28c4f264aeac45b793e1ec800439a

PODFILE CHECKSUM: 0dce5f00a24bb3a87bde4b6ff138ceb8319596aa

COCOAPODS: 1.4.0
